Microsoft Visual Studio Solution File, Format Version 11.00
# Visual Studio 2008

Project("{41E1DB58-9D90-CECF-0983-8A038EBC8AA1}") = "gyro", "Assembly-CSharp-firstpass.csproj", "{D1A733E9-8C7D-BA29-2C9E-A8864217757F}"
EndProject
Project("{41E1DB58-9D90-CECF-0983-8A038EBC8AA1}") = "gyro", "Assembly-CSharp.csproj", "{15B82BCC-2BAD-BB65-2362-3443126CBB8A}"
EndProject
Project("{41E1DB58-9D90-CECF-0983-8A038EBC8AA1}") = "gyro", "Assembly-UnityScript-firstpass.unityproj", "{7969E105-FB27-5692-31C2-2DB15FD2AE20}"
EndProject
Project("{41E1DB58-9D90-CECF-0983-8A038EBC8AA1}") = "gyro", "Assembly-UnityScript.unityproj", "{1227142B-14BC-A0F3-6054-F53895B414FA}"
EndProject
Global
	GlobalSection(SolutionConfigurationPlatforms) = preSolution
		Debug|Any CPU = Debug|Any CPU
		Release|Any CPU = Release|Any CPU
	EndGlobalSection
	GlobalSection(ProjectConfigurationPlatforms) = postSolution
		{D1A733E9-8C7D-BA29-2C9E-A8864217757F}.Debug|Any CPU.ActiveCfg = Debug|Any CPU
		{D1A733E9-8C7D-BA29-2C9E-A8864217757F}.Debug|Any CPU.Build.0 = Debug|Any CPU
		{D1A733E9-8C7D-BA29-2C9E-A8864217757F}.Release|Any CPU.ActiveCfg = Release|Any CPU
		{D1A733E9-8C7D-BA29-2C9E-A8864217757F}.Release|Any CPU.Build.0 = Release|Any CPU
		{15B82BCC-2BAD-BB65-2362-3443126CBB8A}.Debug|Any CPU.ActiveCfg = Debug|Any CPU
		{15B82BCC-2BAD-BB65-2362-3443126CBB8A}.Debug|Any CPU.Build.0 = Debug|Any CPU
		{15B82BCC-2BAD-BB65-2362-3443126CBB8A}.Release|Any CPU.ActiveCfg = Release|Any CPU
		{15B82BCC-2BAD-BB65-2362-3443126CBB8A}.Release|Any CPU.Build.0 = Release|Any CPU
		{7969E105-FB27-5692-31C2-2DB15FD2AE20}.Debug|Any CPU.ActiveCfg = Debug|Any CPU
		{7969E105-FB27-5692-31C2-2DB15FD2AE20}.Debug|Any CPU.Build.0 = Debug|Any CPU
		{7969E105-FB27-5692-31C2-2DB15FD2AE20}.Release|Any CPU.ActiveCfg = Release|Any CPU
		{7969E105-FB27-5692-31C2-2DB15FD2AE20}.Release|Any CPU.Build.0 = Release|Any CPU
		{1227142B-14BC-A0F3-6054-F53895B414FA}.Debug|Any CPU.ActiveCfg = Debug|Any CPU
		{1227142B-14BC-A0F3-6054-F53895B414FA}.Debug|Any CPU.Build.0 = Debug|Any CPU
		{1227142B-14BC-A0F3-6054-F53895B414FA}.Release|Any CPU.ActiveCfg = Release|Any CPU
		{1227142B-14BC-A0F3-6054-F53895B414FA}.Release|Any CPU.Build.0 = Release|Any CPU
	EndGlobalSection
	GlobalSection(SolutionProperties) = preSolution
		HideSolutionNode = FALSE
	EndGlobalSection
																																																																																								GlobalSection(MonoDevelopProperties) = preSolution
		StartupItem = Assembly-CSharp.csproj
		Policies = $0
		$0.TextStylePolicy = $1
		$1.inheritsSet = null
		$1.scope = text/x-csharp
		$0.CSharpFormattingPolicy = $2
		$2.inheritsSet = Mono
		$2.inheritsScope = text/x-csharp
		$2.scope = text/x-csharp
		$0.TextStylePolicy = $3
		$3.FileWidth = 120
		$3.TabWidth = 4
		$3.IndentWidth = 4
		$3.EolMarker = Unix
		$3.inheritsSet = Mono
		$3.inheritsScope = text/plain
		$3.scope = text/plain
	EndGlobalSection

EndGlobal
